
Microsoft Visual Studio Solution File, Format Version 12.00
# Visual Studio 15
VisualStudioVersion = 15.0.27130.2024
MinimumVisualStudioVersion = 10.0.40219.1
Project("{9A19103F-16F7-4668-BE54-9A1E7A4F7556}") = "01.ClassBox", "01.ClassBox\01.ClassBox.csproj", "{98622318-1FEE-4A3C-AE93-8922FCD352C6}"
EndProject
Project("{9A19103F-16F7-4668-BE54-9A1E7A4F7556}") = "03.AnimalFarm", "03. CSharp-OOP-Basics-Encapsulation-Exercises-AnimalFarm\AnimalFarm\AnimalFarm\03.AnimalFarm.csproj", "{56592A87-4B4A-47C4-8569-F84307AE716E}"
EndProject
Project("{FAE04EC0-301F-11D3-BF4B-00C04F79EFBC}") = "04.ShoppingSpree", "04.ShoppingSpree\04.ShoppingSpree.csproj", "{0E662C0A-296C-440C-BCFA-8E105AFE8CBD}"
EndProject
Project("{9A19103F-16F7-4668-BE54-9A1E7A4F7556}") = "05.PizzaCalories", "05.PizzaCalories\05.PizzaCalories.csproj", "{030A4815-F5B0-4651-8E56-F842688388A7}"
EndProject
Project("{9A19103F-16F7-4668-BE54-9A1E7A4F7556}") = "FootballTeamGenerator", "06.FootballTeamGenerator\FootballTeamGenerator.csproj", "{695AC575-D416-4854-B5CA-B1E531D16E9F}"
EndProject
Global
	GlobalSection(SolutionConfigurationPlatforms) = preSolution
		Debug|Any CPU = Debug|Any CPU
		Release|Any CPU = Release|Any CPU
	EndGlobalSection
	GlobalSection(ProjectConfigurationPlatforms) = postSolution
		{98622318-1FEE-4A3C-AE93-8922FCD352C6}.Debug|Any CPU.ActiveCfg = Debug|Any CPU
		{98622318-1FEE-4A3C-AE93-8922FCD352C6}.Debug|Any CPU.Build.0 = Debug|Any CPU
		{98622318-1FEE-4A3C-AE93-8922FCD352C6}.Release|Any CPU.ActiveCfg = Release|Any CPU
		{98622318-1FEE-4A3C-AE93-8922FCD352C6}.Release|Any CPU.Build.0 = Release|Any CPU
		{56592A87-4B4A-47C4-8569-F84307AE716E}.Debug|Any CPU.ActiveCfg = Debug|Any CPU
		{56592A87-4B4A-47C4-8569-F84307AE716E}.Debug|Any CPU.Build.0 = Debug|Any CPU
		{56592A87-4B4A-47C4-8569-F84307AE716E}.Release|Any CPU.ActiveCfg = Release|Any CPU
		{56592A87-4B4A-47C4-8569-F84307AE716E}.Release|Any CPU.Build.0 = Release|Any CPU
		{0E662C0A-296C-440C-BCFA-8E105AFE8CBD}.Debug|Any CPU.ActiveCfg = Debug|Any CPU
		{0E662C0A-296C-440C-BCFA-8E105AFE8CBD}.Debug|Any CPU.Build.0 = Debug|Any CPU
		{0E662C0A-296C-440C-BCFA-8E105AFE8CBD}.Release|Any CPU.ActiveCfg = Release|Any CPU
		{0E662C0A-296C-440C-BCFA-8E105AFE8CBD}.Release|Any CPU.Build.0 = Release|Any CPU
		{030A4815-F5B0-4651-8E56-F842688388A7}.Debug|Any CPU.ActiveCfg = Debug|Any CPU
		{030A4815-F5B0-4651-8E56-F842688388A7}.Debug|Any CPU.Build.0 = Debug|Any CPU
		{030A4815-F5B0-4651-8E56-F842688388A7}.Release|Any CPU.ActiveCfg = Release|Any CPU
		{030A4815-F5B0-4651-8E56-F842688388A7}.Release|Any CPU.Build.0 = Release|Any CPU
		{695AC575-D416-4854-B5CA-B1E531D16E9F}.Debug|Any CPU.ActiveCfg = Debug|Any CPU
		{695AC575-D416-4854-B5CA-B1E531D16E9F}.Debug|Any CPU.Build.0 = Debug|Any CPU
		{695AC575-D416-4854-B5CA-B1E531D16E9F}.Release|Any CPU.ActiveCfg = Release|Any CPU
		{695AC575-D416-4854-B5CA-B1E531D16E9F}.Release|Any CPU.Build.0 = Release|Any CPU
	EndGlobalSection
	GlobalSection(SolutionProperties) = preSolution
		HideSolutionNode = FALSE
	EndGlobalSection
	GlobalSection(ExtensibilityGlobals) = postSolution
		SolutionGuid = {6EDC36D4-A33E-4E60-AD7E-107C6C899EB2}
	EndGlobalSection
EndGlobal
